
Microsoft Visual Studio Solution File, Format Version 12.00
# Visual Studio Version 17
VisualStudioVersion = 17.4.33403.182
MinimumVisualStudioVersion = 10.0.40219.1
Project("{9A19103F-16F7-4668-BE54-9A1E7A4F7556}") = "Car App", "Car App\Car App.csproj", "{72D74C59-2DE4-4F17-AEA1-850E24832A0F}"
EndProject
Project("{9A19103F-16F7-4668-BE54-9A1E7A4F7556}") = "CarApp.UnitTests", "TestProject1\CarApp.UnitTests.csproj", "{83E20665-0B5F-40F1-9326-F34005DF7709}"
EndProject
Project("{FAE04EC0-301F-11D3-BF4B-00C04F79EFBC}") = "CarApp.IntegrationTests", "IntegrationTests\CarApp.IntegrationTests.csproj", "{FC1475AA-27A4-44F3-9641-FE00DD199459}"
EndProject
Global
	GlobalSection(SolutionConfigurationPlatforms) = preSolution
		Debug|Any CPU = Debug|Any CPU
		Release|Any CPU = Release|Any CPU
	EndGlobalSection
	GlobalSection(ProjectConfigurationPlatforms) = postSolution
		{72D74C59-2DE4-4F17-AEA1-850E24832A0F}.Debug|Any CPU.ActiveCfg = Debug|Any CPU
		{72D74C59-2DE4-4F17-AEA1-850E24832A0F}.Debug|Any CPU.Build.0 = Debug|Any CPU
		{72D74C59-2DE4-4F17-AEA1-850E24832A0F}.Release|Any CPU.ActiveCfg = Release|Any CPU
		{72D74C59-2DE4-4F17-AEA1-850E24832A0F}.Release|Any CPU.Build.0 = Release|Any CPU
		{83E20665-0B5F-40F1-9326-F34005DF7709}.Debug|Any CPU.ActiveCfg = Debug|Any CPU
		{83E20665-0B5F-40F1-9326-F34005DF7709}.Debug|Any CPU.Build.0 = Debug|Any CPU
		{83E20665-0B5F-40F1-9326-F34005DF7709}.Release|Any CPU.ActiveCfg = Release|Any CPU
		{83E20665-0B5F-40F1-9326-F34005DF7709}.Release|Any CPU.Build.0 = Release|Any CPU
		{FC1475AA-27A4-44F3-9641-FE00DD199459}.Debug|Any CPU.ActiveCfg = Debug|Any CPU
		{FC1475AA-27A4-44F3-9641-FE00DD199459}.Debug|Any CPU.Build.0 = Debug|Any CPU
		{FC1475AA-27A4-44F3-9641-FE00DD199459}.Release|Any CPU.ActiveCfg = Release|Any CPU
		{FC1475AA-27A4-44F3-9641-FE00DD199459}.Release|Any CPU.Build.0 = Release|Any CPU
	EndGlobalSection
	GlobalSection(SolutionProperties) = preSolution
		HideSolutionNode = FALSE
	EndGlobalSection
	GlobalSection(ExtensibilityGlobals) = postSolution
		SolutionGuid = {C2A7ABC5-ECF2-43D4-80D9-F5E66CF12CEB}
	EndGlobalSection
EndGlobal
